
Microsoft Visual Studio Solution File, Format Version 12.00
# Visual Studio 2013
VisualStudioVersion = 12.0.21005.1
MinimumVisualStudioVersion = 10.0.40219.1
Project("{FAE04EC0-301F-11D3-BF4B-00C04F79EFBC}") = "Sample", "WebSite\Sample.csproj", "{9F95DE9C-DBD1-4133-BB9B-401C69A4D92B}"
EndProject
Project("{2150E333-8FDC-42A3-9474-1A3956D46DE8}") = "ToolkitDemos", "ToolkitDemos", "{040B6CDD-46A7-4455-8F9C-7F65D5EE3655}"
EndProject
Project("{FAE04EC0-301F-11D3-BF4B-00C04F79EFBC}") = "ToolkitDemo", "ToolkitDemo\ToolkitDemo.csproj", "{056F8CB1-9E6E-4DE6-9E46-BF36DB01046D}"
EndProject
Project("{FAE04EC0-301F-11D3-BF4B-00C04F79EFBC}") = "ToolkitDemo.T4", "ToolkitDemo.T4\ToolkitDemo.T4.csproj", "{BE0ACF33-CB79-4A45-9DBB-61D126A4214C}"
EndProject
Project("{FAE04EC0-301F-11D3-BF4B-00C04F79EFBC}") = "DemoModule", "DemoModule\DemoModule.csproj", "{4D42A539-F927-49D9-8964-666E5BEC8686}"
EndProject
Global
	GlobalSection(SolutionConfigurationPlatforms) = preSolution
		Debug|Any CPU = Debug|Any CPU
		Release|Any CPU = Release|Any CPU
	EndGlobalSection
	GlobalSection(ProjectConfigurationPlatforms) = postSolution
		{9F95DE9C-DBD1-4133-BB9B-401C69A4D92B}.Debug|Any CPU.ActiveCfg = Debug|Any CPU
		{9F95DE9C-DBD1-4133-BB9B-401C69A4D92B}.Debug|Any CPU.Build.0 = Debug|Any CPU
		{9F95DE9C-DBD1-4133-BB9B-401C69A4D92B}.Release|Any CPU.ActiveCfg = Release|Any CPU
		{9F95DE9C-DBD1-4133-BB9B-401C69A4D92B}.Release|Any CPU.Build.0 = Release|Any CPU
		{056F8CB1-9E6E-4DE6-9E46-BF36DB01046D}.Debug|Any CPU.ActiveCfg = Debug|Any CPU
		{056F8CB1-9E6E-4DE6-9E46-BF36DB01046D}.Debug|Any CPU.Build.0 = Debug|Any CPU
		{056F8CB1-9E6E-4DE6-9E46-BF36DB01046D}.Release|Any CPU.ActiveCfg = Release|Any CPU
		{056F8CB1-9E6E-4DE6-9E46-BF36DB01046D}.Release|Any CPU.Build.0 = Release|Any CPU
		{BE0ACF33-CB79-4A45-9DBB-61D126A4214C}.Debug|Any CPU.ActiveCfg = Debug|Any CPU
		{BE0ACF33-CB79-4A45-9DBB-61D126A4214C}.Debug|Any CPU.Build.0 = Debug|Any CPU
		{BE0ACF33-CB79-4A45-9DBB-61D126A4214C}.Release|Any CPU.ActiveCfg = Release|Any CPU
		{BE0ACF33-CB79-4A45-9DBB-61D126A4214C}.Release|Any CPU.Build.0 = Release|Any CPU
		{4D42A539-F927-49D9-8964-666E5BEC8686}.Debug|Any CPU.ActiveCfg = Debug|Any CPU
		{4D42A539-F927-49D9-8964-666E5BEC8686}.Debug|Any CPU.Build.0 = Debug|Any CPU
		{4D42A539-F927-49D9-8964-666E5BEC8686}.Release|Any CPU.ActiveCfg = Release|Any CPU
		{4D42A539-F927-49D9-8964-666E5BEC8686}.Release|Any CPU.Build.0 = Release|Any CPU
	EndGlobalSection
	GlobalSection(SolutionProperties) = preSolution
		HideSolutionNode = FALSE
	EndGlobalSection
	GlobalSection(NestedProjects) = preSolution
		{056F8CB1-9E6E-4DE6-9E46-BF36DB01046D} = {040B6CDD-46A7-4455-8F9C-7F65D5EE3655}
		{BE0ACF33-CB79-4A45-9DBB-61D126A4214C} = {040B6CDD-46A7-4455-8F9C-7F65D5EE3655}
		{4D42A539-F927-49D9-8964-666E5BEC8686} = {040B6CDD-46A7-4455-8F9C-7F65D5EE3655}
	EndGlobalSection
EndGlobal
